
Microsoft Visual Studio Solution File, Format Version 12.00
# Visual Studio Version 17
VisualStudioVersion = 17.2.32526.322
MinimumVisualStudioVersion = 10.0.40219.1
Project("{FAE04EC0-301F-11D3-BF4B-00C04F79EFBC}") = "GroupChat", "GroupChat\GroupChat.csproj", "{F7DCE1F1-2C02-4336-A5C2-5392139CA8B0}"
EndProject
Global
	GlobalSection(SolutionConfigurationPlatforms) = preSolution
		Debug|Any CPU = Debug|Any CPU
		Release|Any CPU = Release|Any CPU
	EndGlobalSection
	GlobalSection(ProjectConfigurationPlatforms) = postSolution
		{F7DCE1F1-2C02-4336-A5C2-5392139CA8B0}.Debug|Any CPU.ActiveCfg = Debug|Any CPU
		{F7DCE1F1-2C02-4336-A5C2-5392139CA8B0}.Debug|Any CPU.Build.0 = Debug|Any CPU
		{F7DCE1F1-2C02-4336-A5C2-5392139CA8B0}.Release|Any CPU.ActiveCfg = Release|Any CPU
		{F7DCE1F1-2C02-4336-A5C2-5392139CA8B0}.Release|Any CPU.Build.0 = Release|Any CPU
	EndGlobalSection
	GlobalSection(SolutionProperties) = preSolution
		HideSolutionNode = FALSE
	EndGlobalSection
	GlobalSection(ExtensibilityGlobals) = postSolution
		SolutionGuid = {DF5E98D2-3D67-4F81-A69B-C407A3DA086D}
	EndGlobalSection
EndGlobal
